
Microsoft Visual Studio Solution File, Format Version 12.00
# Visual Studio 15
Project("{FAE04EC0-301F-11D3-BF4B-00C04F79EFBC}") = "Assembly-CSharp", "Assembly-CSharp.csproj", "{EBF0EB2D-5208-D064-ADA1-3511AA80954D}"
EndProject
Project("{FAE04EC0-301F-11D3-BF4B-00C04F79EFBC}") = "Assembly-CSharp-Editor", "Assembly-CSharp-Editor.csproj", "{A4F765AD-595A-4413-80AC-E5511CB06709}"
EndProject
Global
	GlobalSection(SolutionConfigurationPlatforms) = preSolution
		Debug|Any CPU = Debug|Any CPU
		Release|Any CPU = Release|Any CPU
	EndGlobalSection
	GlobalSection(ProjectConfigurationPlatforms) = postSolution
		{EBF0EB2D-5208-D064-ADA1-3511AA80954D}.Debug|Any CPU.ActiveCfg = Debug|Any CPU
		{EBF0EB2D-5208-D064-ADA1-3511AA80954D}.Debug|Any CPU.Build.0 = Debug|Any CPU
		{EBF0EB2D-5208-D064-ADA1-3511AA80954D}.Release|Any CPU.ActiveCfg = Release|Any CPU
		{EBF0EB2D-5208-D064-ADA1-3511AA80954D}.Release|Any CPU.Build.0 = Release|Any CPU
		{A4F765AD-595A-4413-80AC-E5511CB06709}.Debug|Any CPU.ActiveCfg = Debug|Any CPU
		{A4F765AD-595A-4413-80AC-E5511CB06709}.Debug|Any CPU.Build.0 = Debug|Any CPU
		{A4F765AD-595A-4413-80AC-E5511CB06709}.Release|Any CPU.ActiveCfg = Release|Any CPU
		{A4F765AD-595A-4413-80AC-E5511CB06709}.Release|Any CPU.Build.0 = Release|Any CPU
	EndGlobalSection
	GlobalSection(SolutionProperties) = preSolution
		HideSolutionNode = FALSE
	EndGlobalSection
EndGlobal
